// !$*UTF8*$!
{
	archiveVersion = 1;
	classes = {
	};
	objectVersion = 46;
	objects = {

/* Begin PBXBuildFile section */
		5D5446B61AE9212300E97821 /* SqlDataRap.swift in Sources */ = {isa = PBXBuildFile; fileRef = 5D5446B51AE9212300E97821 /* SqlDataRap.swift */; };
		5DAAFCDD1AE3DBDD004E1467 /* AppDelegate.swift in Sources */ = {isa = PBXBuildFile; fileRef = 5DAAFCDC1AE3DBDD004E1467 /* AppDelegate.swift */; };
		5DAAFCDF1AE3DBDD004E1467 /* ViewController.swift in Sources */ = {isa = PBXBuildFile; fileRef = 5DAAFCDE1AE3DBDD004E1467 /* ViewController.swift */; };
		5DAAFCE21AE3DBDD004E1467 /* Main.storyboard in Resources */ = {isa = PBXBuildFile; fileRef = 5DAAFCE01AE3DBDD004E1467 /* Main.storyboard */; };
		5DAAFCE41AE3DBDD004E1467 /* Images.xcassets in Resources */ = {isa = PBXBuildFile; fileRef = 5DAAFCE31AE3DBDD004E1467 /* Images.xcassets */; };
		5DAAFCE71AE3DBDD004E1467 /* LaunchScreen.xib in Resources */ = {isa = PBXBuildFile; fileRef = 5DAAFCE51AE3DBDD004E1467 /* LaunchScreen.xib */; };
		5DAAFCF31AE3DBDD004E1467 /* sql_testTests.swift in Sources */ = {isa = PBXBuildFile; fileRef = 5DAAFCF21AE3DBDD004E1467 /* sql_testTests.swift */; };
		5DD5AA961AE524DD004B3C52 /* SwiftData.swift in Sources */ = {isa = PBXBuildFile; fileRef = 5DD5AA951AE524DD004B3C52 /* SwiftData.swift */; };
		5DD5AA981AE5252D004B3C52 /* libsqlite3.dylib in Frameworks */ = {isa = PBXBuildFile; fileRef = 5DD5AA971AE5252D004B3C52 /* libsqlite3.dylib */; };
/* End PBXBuildFile section */

/* Begin PBXContainerItemProxy section */
		5DAAFCED1AE3DBDD004E1467 /* PBXContainerItemProxy */ = {
			isa = PBXContainerItemProxy;
			containerPortal = 5DAAFCCF1AE3DBDC004E1467 /* Project object */;
			proxyType = 1;
			remoteGlobalIDString = 5DAAFCD61AE3DBDD004E1467;
			remoteInfo = "sql−test";
		};
/* End PBXContainerItemProxy section */

/* Begin PBXFileReference section */
		5D5446B51AE9212300E97821 /* SqlDataRap.swift */ = {isa = PBXFileReference; fileEncoding = 4; lastKnownFileType = sourcecode.swift; path = SqlDataRap.swift; sourceTree = "<group>"; };
		5DAAFCD71AE3DBDD004E1467 /* sql−test.app */ = {isa = PBXFileReference; explicitFileType = wrapper.application; includeInIndex = 0; path = "sql−test.app"; sourceTree = BUILT_PRODUCTS_DIR; };
		5DAAFCDB1AE3DBDD004E1467 /* Info.plist */ = {isa = PBXFileReference; lastKnownFileType = text.plist.xml; path = Info.plist; sourceTree = "<group>"; };
		5DAAFCDC1AE3DBDD004E1467 /* AppDelegate.swift */ = {isa = PBXFileReference; lastKnownFileType = sourcecode.swift; path = AppDelegate.swift; sourceTree = "<group>"; };
		5DAAFCDE1AE3DBDD004E1467 /* ViewController.swift */ = {isa = PBXFileReference; lastKnownFileType = sourcecode.swift; path = ViewController.swift; sourceTree = "<group>"; };
		5DAAFCE11AE3DBDD004E1467 /* Base */ = {isa = PBXFileReference; lastKnownFileType = file.storyboard; name = Base; path = Base.lproj/Main.storyboard; sourceTree = "<group>"; };
		5DAAFCE31AE3DBDD004E1467 /* Images.xcassets */ = {isa = PBXFileReference; lastKnownFileType = folder.assetcatalog; path = Images.xcassets; sourceTree = "<group>"; };
		5DAAFCE61AE3DBDD004E1467 /* Base */ = {isa = PBXFileReference; lastKnownFileType = file.xib; name = Base; path = Base.lproj/LaunchScreen.xib; sourceTree = "<group>"; };
		5DAAFCEC1AE3DBDD004E1467 /* sql−testTests.xctest */ = {isa = PBXFileReference; explicitFileType = wrapper.cfbundle; includeInIndex = 0; path = "sql−testTests.xctest"; sourceTree = BUILT_PRODUCTS_DIR; };
		5DAAFCF11AE3DBDD004E1467 /* Info.plist */ = {isa = PBXFileReference; lastKnownFileType = text.plist.xml; path = Info.plist; sourceTree = "<group>"; };
		5DAAFCF21AE3DBDD004E1467 /* sql_testTests.swift */ = {isa = PBXFileReference; lastKnownFileType = sourcecode.swift; path = sql_testTests.swift; sourceTree = "<group>"; };
		5DD5AA951AE524DD004B3C52 /* SwiftData.swift */ = {isa = PBXFileReference; fileEncoding = 4; lastKnownFileType = sourcecode.swift; path = SwiftData.swift; sourceTree = "<group>"; };
		5DD5AA971AE5252D004B3C52 /* libsqlite3.dylib */ = {isa = PBXFileReference; lastKnownFileType = "compiled.mach-o.dylib"; name = libsqlite3.dylib; path = usr/lib/libsqlite3.dylib; sourceTree = SDKROOT; };
		5DD5AA991AE5254E004B3C52 /* Bridging-Header.h */ = {isa = PBXFileReference; lastKnownFileType = sourcecode.c.h; path = "Bridging-Header.h"; sourceTree = "<group>"; };
/* End PBXFileReference section */

/* Begin PBXFrameworksBuildPhase section */
		5DAAFCD41AE3DBDD004E1467 /* Frameworks */ = {
			isa = PBXFrameworksBuildPhase;
			buildActionMask = 2147483647;
			files = (
				5DD5AA981AE5252D004B3C52 /* libsqlite3.dylib in Frameworks */,
			);
			runOnlyForDeploymentPostprocessing = 0;
		};
		5DAAFCE91AE3DBDD004E1467 /* Frameworks */ = {
			isa = PBXFrameworksBuildPhase;
			buildActionMask = 2147483647;
			files = (
			);
			runOnlyForDeploymentPostprocessing = 0;
		};
/* End PBXFrameworksBuildPhase section */

/* Begin PBXGroup section */
		5DAAFCCE1AE3DBDC004E1467 = {
			isa = PBXGroup;
			children = (
				5DD5AA971AE5252D004B3C52 /* libsqlite3.dylib */,
				5DD5AA951AE524DD004B3C52 /* SwiftData.swift */,
				5DD5AA991AE5254E004B3C52 /* Bridging-Header.h */,
				5DAAFCD91AE3DBDD004E1467 /* sql−test */,
				5DAAFCEF1AE3DBDD004E1467 /* sql−testTests */,
				5DAAFCD81AE3DBDD004E1467 /* Products */,
			);
			sourceTree = "<group>";
		};
		5DAAFCD81AE3DBDD004E1467 /* Products */ = {
			isa = PBXGroup;
			children = (
				5DAAFCD71AE3DBDD004E1467 /* sql−test.app */,
				5DAAFCEC1AE3DBDD004E1467 /* sql−testTests.xctest */,
			);
			name = Products;
			sourceTree = "<group>";
		};
		5DAAFCD91AE3DBDD004E1467 /* sql−test */ = {
			isa = PBXGroup;
			children = (
				5DAAFCDC1AE3DBDD004E1467 /* AppDelegate.swift */,
				5DAAFCDE1AE3DBDD004E1467 /* ViewController.swift */,
				5DAAFCE01AE3DBDD004E1467 /* Main.storyboard */,
				5DAAFCE31AE3DBDD004E1467 /* Images.xcassets */,
				5DAAFCE51AE3DBDD004E1467 /* LaunchScreen.xib */,
				5DAAFCDA1AE3DBDD004E1467 /* Supporting Files */,
				5D5446B51AE9212300E97821 /* SqlDataRap.swift */,
			);
			path = "sql−test";
			sourceTree = "<group>";
		};
		5DAAFCDA1AE3DBDD004E1467 /* Supporting Files */ = {
			isa = PBXGroup;
			children = (
				5DAAFCDB1AE3DBDD004E1467 /* Info.plist */,
			);
			name = "Supporting Files";
			sourceTree = "<group>";
		};
		5DAAFCEF1AE3DBDD004E1467 /* sql−testTests */ = {
			isa = PBXGroup;
			children = (
				5DAAFCF21AE3DBDD004E1467 /* sql_testTests.swift */,
				5DAAFCF01AE3DBDD004E1467 /* Supporting Files */,
			);
			path = "sql−testTests";
			sourceTree = "<group>";
		};
		5DAAFCF01AE3DBDD004E1467 /* Supporting Files */ = {
			isa = PBXGroup;
			children = (
				5DAAFCF11AE3DBDD004E1467 /* Info.plist */,
			);
			name = "Supporting Files";
			sourceTree = "<group>";
		};
/* End PBXGroup section */

/* Begin PBXNativeTarget section */
		5DAAFCD61AE3DBDD004E1467 /* sql−test */ = {
			isa = PBXNativeTarget;
			buildConfigurationList = 5DAAFCF61AE3DBDD004E1467 /* Build configuration list for PBXNativeTarget "sql−test" */;
			buildPhases = (
				5DAAFCD31AE3DBDD004E1467 /* Sources */,
				5DAAFCD41AE3DBDD004E1467 /* Frameworks */,
				5DAAFCD51AE3DBDD004E1467 /* Resources */,
			);
			buildRules = (
			);
			dependencies = (
			);
			name = "sql−test";
			productName = "sql−test";
			productReference = 5DAAFCD71AE3DBDD004E1467 /* sql−test.app */;
			productType = "com.apple.product-type.application";
		};
		5DAAFCEB1AE3DBDD004E1467 /* sql−testTests */ = {
			isa = PBXNativeTarget;
			buildConfigurationList = 5DAAFCF91AE3DBDD004E1467 /* Build configuration list for PBXNativeTarget "sql−testTests" */;
			buildPhases = (
				5DAAFCE81AE3DBDD004E1467 /* Sources */,
				5DAAFCE91AE3DBDD004E1467 /* Frameworks */,
				5DAAFCEA1AE3DBDD004E1467 /* Resources */,
			);
			buildRules = (
			);
			dependencies = (
				5DAAFCEE1AE3DBDD004E1467 /* PBXTargetDependency */,
			);
			name = "sql−testTests";
			productName = "sql−testTests";
			productReference = 5DAAFCEC1AE3DBDD004E1467 /* sql−testTests.xctest */;
			productType = "com.apple.product-type.bundle.unit-test";
		};
/* End PBXNativeTarget section */

/* Begin PBXProject section */
		5DAAFCCF1AE3DBDC004E1467 /* Project object */ = {
			isa = PBXProject;
			attributes = {
				LastUpgradeCheck = 0630;
				ORGANIZATIONNAME = NishiwakiHajime;
				TargetAttributes = {
					5DAAFCD61AE3DBDD004E1467 = {
						CreatedOnToolsVersion = 6.3;
					};
					5DAAFCEB1AE3DBDD004E1467 = {
						CreatedOnToolsVersion = 6.3;
						TestTargetID = 5DAAFCD61AE3DBDD004E1467;
					};
				};
			};
			buildConfigurationList = 5DAAFCD21AE3DBDC004E1467 /* Build configuration list for PBXProject "sql−test" */;
			compatibilityVersion = "Xcode 3.2";
			developmentRegion = English;
			hasScannedForEncodings = 0;
			knownRegions = (
				en,
				Base,
			);
			mainGroup = 5DAAFCCE1AE3DBDC004E1467;
			productRefGroup = 5DAAFCD81AE3DBDD004E1467 /* Products */;
			projectDirPath = "";
			projectRoot = "";
			targets = (
				5DAAFCD61AE3DBDD004E1467 /* sql−test */,
				5DAAFCEB1AE3DBDD004E1467 /* sql−testTests */,
			);
		};
/* End PBXProject section */

/* Begin PBXResourcesBuildPhase section */
		5DAAFCD51AE3DBDD004E1467 /* Resources */ = {
			isa = PBXResourcesBuildPhase;
			buildActionMask = 2147483647;
			files = (
				5DAAFCE21AE3DBDD004E1467 /* Main.storyboard in Resources */,
				5DAAFCE71AE3DBDD004E1467 /* LaunchScreen.xib in Resources */,
				5DAAFCE41AE3DBDD004E1467 /* Images.xcassets in Resources */,
			);
			runOnlyForDeploymentPostprocessing = 0;
		};
		5DAAFCEA1AE3DBDD004E1467 /* Resources */ = {
			isa = PBXResourcesBuildPhase;
			buildActionMask = 2147483647;
			files = (
			);
			runOnlyForDeploymentPostprocessing = 0;
		};
/* End PBXResourcesBuildPhase section */

/* Begin PBXSourcesBuildPhase section */
		5DAAFCD31AE3DBDD004E1467 /* Sources */ = {
			isa = PBXSourcesBuildPhase;
			buildActionMask = 2147483647;
			files = (
				5D5446B61AE9212300E97821 /* SqlDataRap.swift in Sources */,
				5DAAFCDF1AE3DBDD004E1467 /* ViewController.swift in Sources */,
				5DD5AA961AE524DD004B3C52 /* SwiftData.swift in Sources */,
				5DAAFCDD1AE3DBDD004E1467 /* AppDelegate.swift in Sources */,
			);
			runOnlyForDeploymentPostprocessing = 0;
		};
		5DAAFCE81AE3DBDD004E1467 /* Sources */ = {
			isa = PBXSourcesBuildPhase;
			buildActionMask = 2147483647;
			files = (
				5DAAFCF31AE3DBDD004E1467 /* sql_testTests.swift in Sources */,
			);
			runOnlyForDeploymentPostprocessing = 0;
		};
/* End PBXSourcesBuildPhase section */

/* Begin PBXTargetDependency section */
		5DAAFCEE1AE3DBDD004E1467 /* PBXTargetDependency */ = {
			isa = PBXTargetDependency;
			target = 5DAAFCD61AE3DBDD004E1467 /* sql−test */;
			targetProxy = 5DAAFCED1AE3DBDD004E1467 /* PBXContainerItemProxy */;
		};
/* End PBXTargetDependency section */

/* Begin PBXVariantGroup section */
		5DAAFCE01AE3DBDD004E1467 /* Main.storyboard */ = {
			isa = PBXVariantGroup;
			children = (
				5DAAFCE11AE3DBDD004E1467 /* Base */,
			);
			name = Main.storyboard;
			sourceTree = "<group>";
		};
		5DAAFCE51AE3DBDD004E1467 /* LaunchScreen.xib */ = {
			isa = PBXVariantGroup;
			children = (
				5DAAFCE61AE3DBDD004E1467 /* Base */,
			);
			name = LaunchScreen.xib;
			sourceTree = "<group>";
		};
/* End PBXVariantGroup section */

/* Begin XCBuildConfiguration section */
		5DAAFCF41AE3DBDD004E1467 /* Debug */ = {
			isa = XCBuildConfiguration;
			buildSettings = {
				ALWAYS_SEARCH_USER_PATHS = NO;
				CLANG_CXX_LANGUAGE_STANDARD = "gnu++0x";
				CLANG_CXX_LIBRARY = "libc++";
				CLANG_ENABLE_MODULES = YES;
				CLANG_ENABLE_OBJC_ARC = YES;
				CLANG_WARN_BOOL_CONVERSION = YES;
				CLANG_WARN_CONSTANT_CONVERSION = YES;
				CLANG_WARN_DIRECT_OBJC_ISA_USAGE = YES_ERROR;
				CLANG_WARN_EMPTY_BODY = YES;
				CLANG_WARN_ENUM_CONVERSION = YES;
				CLANG_WARN_INT_CONVERSION = YES;
				CLANG_WARN_OBJC_ROOT_CLASS = YES_ERROR;
				CLANG_WARN_UNREACHABLE_CODE = YES;
				CLANG_WARN__DUPLICATE_METHOD_MATCH = YES;
				"CODE_SIGN_IDENTITY[sdk=iphoneos*]" = "iPhone Developer";
				COPY_PHASE_STRIP = NO;
				DEBUG_INFORMATION_FORMAT = "dwarf-with-dsym";
				ENABLE_STRICT_OBJC_MSGSEND = YES;
				GCC_C_LANGUAGE_STANDARD = gnu99;
				GCC_DYNAMIC_NO_PIC = NO;
				GCC_NO_COMMON_BLOCKS = YES;
				GCC_OPTIMIZATION_LEVEL = 0;
				GCC_PREPROCESSOR_DEFINITIONS = (
					"DEBUG=1",
					"$(inherited)",
				);
				GCC_SYMBOLS_PRIVATE_EXTERN = NO;
				GCC_WARN_64_TO_32_BIT_CONVERSION = YES;
				GCC_WARN_ABOUT_RETURN_TYPE = YES_ERROR;
				GCC_WARN_UNDECLARED_SELECTOR = YES;
				GCC_WARN_UNINITIALIZED_AUTOS = YES_AGGRESSIVE;
				GCC_WARN_UNUSED_FUNCTION = YES;
				GCC_WARN_UNUSED_VARIABLE = YES;
				IPHONEOS_DEPLOYMENT_TARGET = 8.3;
				MTL_ENABLE_DEBUG_INFO = YES;
				ONLY_ACTIVE_ARCH = YES;
				SDKROOT = iphoneos;
				SWIFT_OPTIMIZATION_LEVEL = "-Onone";
			};
			name = Debug;
		};
		5DAAFCF51AE3DBDD004E1467 /* Release */ = {
			isa = XCBuildConfiguration;
			buildSettings = {
				ALWAYS_SEARCH_USER_PATHS = NO;
				CLANG_CXX_LANGUAGE_STANDARD = "gnu++0x";
				CLANG_CXX_LIBRARY = "libc++";
				CLANG_ENABLE_MODULES = YES;
				CLANG_ENABLE_OBJC_ARC = YES;
				CLANG_WARN_BOOL_CONVERSION = YES;
				CLANG_WARN_CONSTANT_CONVERSION = YES;
				CLANG_WARN_DIRECT_OBJC_ISA_USAGE = YES_ERROR;
				CLANG_WARN_EMPTY_BODY = YES;
				CLANG_WARN_ENUM_CONVERSION = YES;
				CLANG_WARN_INT_CONVERSION = YES;
				CLANG_WARN_OBJC_ROOT_CLASS = YES_ERROR;
				CLANG_WARN_UNREACHABLE_CODE = YES;
				CLANG_WARN__DUPLICATE_METHOD_MATCH = YES;
				"CODE_SIGN_IDENTITY[sdk=iphoneos*]" = "iPhone Developer";
				COPY_PHASE_STRIP = NO;
				DEBUG_INFORMATION_FORMAT = "dwarf-with-dsym";
				ENABLE_NS_ASSERTIONS = NO;
				ENABLE_STRICT_OBJC_MSGSEND = YES;
				GCC_C_LANGUAGE_STANDARD = gnu99;
				GCC_NO_COMMON_BLOCKS = YES;
				GCC_WARN_64_TO_32_BIT_CONVERSION = YES;
				GCC_WARN_ABOUT_RETURN_TYPE = YES_ERROR;
				GCC_WARN_UNDECLARED_SELECTOR = YES;
				GCC_WARN_UNINITIALIZED_AUTOS = YES_AGGRESSIVE;
				GCC_WARN_UNUSED_FUNCTION = YES;
				GCC_WARN_UNUSED_VARIABLE = YES;
				IPHONEOS_DEPLOYMENT_TARGET = 8.3;
				MTL_ENABLE_DEBUG_INFO = NO;
				SDKROOT = iphoneos;
				VALIDATE_PRODUCT = YES;
			};
			name = Release;
		};
		5DAAFCF71AE3DBDD004E1467 /* Debug */ = {
			isa = XCBuildConfiguration;
			buildSettings = {
				ASSETCATALOG_COMPILER_APPICON_NAME = AppIcon;
				INFOPLIST_FILE = "sql−test/Info.plist";
				LD_RUNPATH_SEARCH_PATHS = "$(inherited) @executable_path/Frameworks";
				PRODUCT_NAME = "$(TARGET_NAME)";
				SWIFT_OBJC_BRIDGING_HEADER = "Bridging-Header.h";
			};
			name = Debug;
		};
		5DAAFCF81AE3DBDD004E1467 /* Release */ = {
			isa = XCBuildConfiguration;
			buildSettings = {
				ASSETCATALOG_COMPILER_APPICON_NAME = AppIcon;
				INFOPLIST_FILE = "sql−test/Info.plist";
				LD_RUNPATH_SEARCH_PATHS = "$(inherited) @executable_path/Frameworks";
				PRODUCT_NAME = "$(TARGET_NAME)";
				SWIFT_OBJC_BRIDGING_HEADER = "Bridging-Header.h";
			};
			name = Release;
		};
		5DAAFCFA1AE3DBDD004E1467 /* Debug */ = {
			isa = XCBuildConfiguration;
			buildSettings = {
				BUNDLE_LOADER = "$(TEST_HOST)";
				FRAMEWORK_SEARCH_PATHS = (
					"$(SDKROOT)/Developer/Library/Frameworks",
					"$(inherited)",
				);
				GCC_PREPROCESSOR_DEFINITIONS = (
					"DEBUG=1",
					"$(inherited)",
				);
				INFOPLIST_FILE = "sql−testTests/Info.plist";
				LD_RUNPATH_SEARCH_PATHS = "$(inherited) @executable_path/Frameworks @loader_path/Frameworks";
				PRODUCT_NAME = "$(TARGET_NAME)";
				TEST_HOST = "$(BUILT_PRODUCTS_DIR)/sql−test.app/sql−test";
			};
			name = Debug;
		};
		5DAAFCFB1AE3DBDD004E1467 /* Release */ = {
			isa = XCBuildConfiguration;
			buildSettings = {
				BUNDLE_LOADER = "$(TEST_HOST)";
				FRAMEWORK_SEARCH_PATHS = (
					"$(SDKROOT)/Developer/Library/Frameworks",
					"$(inherited)",
				);
				INFOPLIST_FILE = "sql−testTests/Info.plist";
				LD_RUNPATH_SEARCH_PATHS = "$(inherited) @executable_path/Frameworks @loader_path/Frameworks";
				PRODUCT_NAME = "$(TARGET_NAME)";
				TEST_HOST = "$(BUILT_PRODUCTS_DIR)/sql−test.app/sql−test";
			};
			name = Release;
		};
/* End XCBuildConfiguration section */

/* Begin XCConfigurationList section */
		5DAAFCD21AE3DBDC004E1467 /* Build configuration list for PBXProject "sql−test" */ = {
			isa = XCConfigurationList;
			buildConfigurations = (
				5DAAFCF41AE3DBDD004E1467 /* Debug */,
				5DAAFCF51AE3DBDD004E1467 /* Release */,
			);
			defaultConfigurationIsVisible = 0;
			defaultConfigurationName = Release;
		};
		5DAAFCF61AE3DBDD004E1467 /* Build configuration list for PBXNativeTarget "sql−test" */ = {
			isa = XCConfigurationList;
			buildConfigurations = (
				5DAAFCF71AE3DBDD004E1467 /* Debug */,
				5DAAFCF81AE3DBDD004E1467 /* Release */,
			);
			defaultConfigurationIsVisible = 0;
			defaultConfigurationName = Release;
		};
		5DAAFCF91AE3DBDD004E1467 /* Build configuration list for PBXNativeTarget "sql−testTests" */ = {
			isa = XCConfigurationList;
			buildConfigurations = (
				5DAAFCFA1AE3DBDD004E1467 /* Debug */,
				5DAAFCFB1AE3DBDD004E1467 /* Release */,
			);
			defaultConfigurationIsVisible = 0;
			defaultConfigurationName = Release;
		};
/* End XCConfigurationList section */
	};
	rootObject = 5DAAFCCF1AE3DBDC004E1467 /* Project object */;
}
